{
  "name": "dsh-plugin-background-tasks",
  "version": "0.0.2",
  "lockfileVersion": 3,
  "requires": true,
  "packages": {
    "": {
      "name": "dsh-plugin-background-tasks",
      "version": "0.0.2",
      "license": "MIT",
      "devDependencies": {
        "@deepseek-ai/cordis": "*",
        "@deepseek-ai/cosmokit": "*",
        "@deepseek-ai/dsh-agent": "*",
        "@deepseek-ai/dsh-home-paths": "*",
        "@deepseek-ai/dsh-jobs": "*",
        "@deepseek-ai/dsh-llm": "*",
        "@deepseek-ai/dsh-sandbox": "*",
        "@deepseek-ai/dsh-sandbox-policy": "*",
        "@deepseek-ai/dsh-scope": "*",
        "@deepseek-ai/dsh-session": "*",
        "@deepseek-ai/dsh-settings": "*",
        "@deepseek-ai/dsh-shell": "*",
        "@deepseek-ai/dsh-shell-env": "*",
        "@deepseek-ai/dsh-subprocess": "*",
        "@deepseek-ai/dsh-system-prompt": "*",
        "@deepseek-ai/dsh-timeout": "*",
        "@deepseek-ai/dsh-tools": "*",
        "@deepseek-ai/dsh-user-approval": "*",
        "@types/node": "^26.4.0",
        "typescript": "^7.0.2"
      },
      "peerDependencies": {
        "@deepseek-ai/cordis": "*",
        "@deepseek-ai/dsh-agent": "*",
        "@deepseek-ai/dsh-jobs": "*",
        "@deepseek-ai/dsh-llm": "*",
        "@deepseek-ai/dsh-sandbox": "*",
        "@deepseek-ai/dsh-shell": "*",
        "@deepseek-ai/dsh-tools": "*"
      }
    },
    "node_modules/@deepseek-ai/cordis": {
      "version": "4.0.1",
      "resolved": "https://registry.npmmirror.com/@deepseek-ai/cordis/-/cordis-4.0.1.tgz",
      "integrity": "sha512-YBdskTU2Po1kru3GgcUWUbkTsPMA9LkSQDAY8rBkFJeajdgcQad3QPJZE26JyK99Xb6HaASvoXg2DSUTeN/0Nw==",
      "dev": true,
      "license": "MIT",
      "dependencies": {
        "@deepseek-ai/cosmokit": "^1.8.2",
        "@standard-schema/spec": "^1.1.0"
      },
      "bin": {
        "cordis": "bin.js"
      },
      "peerDependencies": {
        "@deepseek-ai/cordis-plugin-include": "^1.0.6",
        "@deepseek-ai/cordis-plugin-loader": "^1.0.2"
      },
      "peerDependenciesMeta": {
        "@deepseek-ai/cordis-plugin-include": {
          "optional": true
        },
        "@deepseek-ai/cordis-plugin-loader": {
          "optional": true
        }
      }
    },
    "node_modules/@deepseek-ai/cosmokit": {
      "version": "1.8.2",
      "resolved": "https://registry.npmmirror.com/@deepseek-ai/cosmokit/-/cosmokit-1.8.2.tgz",
      "integrity": "sha512-muBOKtSrUKU5m/xpq8ZXWL6hQ/jgd4PhU2PqH97bcxIiLEJfNwZOGQEx4t/aS/GgxRAR+ra9pMHPMtTHU4sqqA==",
      "dev": true,
      "license": "MIT"
    },
    "node_modules/@deepseek-ai/dsh-agent": {
      "version": "0.1.0-rc.6",
      "resolved": "https://registry.npmmirror.com/@deepseek-ai/dsh-agent/-/dsh-agent-0.1.0-rc.6.tgz",
      "integrity": "sha512-vtqq2pWTrzn0dKfj5kREZRpP82AwtGjGx9V1lYnKvF+Uc/a8zyWbSvjDE7V1d3YQAQJzs2cWO31hURWDekDXIA==",
      "dev": true,
      "license": "MIT",
      "peerDependencies": {
        "@deepseek-ai/cordis": "^4.0.1",
        "@deepseek-ai/dsh-invariants": "^0.1.0-rc.6",
        "@deepseek-ai/dsh-llm": "^0.1.0-rc.6",
        "@deepseek-ai/dsh-scope": "^0.1.0-rc.6",
        "@deepseek-ai/dsh-session": "^0.1.0-rc.6",
        "@deepseek-ai/dsh-system-prompt": "^0.1.0-rc.6",
        "@deepseek-ai/dsh-typert-protocol": "^0.1.0-rc.6"
      }
    },
    "node_modules/@deepseek-ai/dsh-home-paths": {
      "version": "0.0.1-rc.3",
      "resolved": "https://registry.npmmirror.com/@deepseek-ai/dsh-home-paths/-/dsh-home-paths-0.0.1-rc.3.tgz",
      "integrity": "sha512-q86/+w2Oz/bOnURenQwiGT8ob1R84/gBgGV4n62yPqeNLuMMW5hv8tPV7oFMrRGZnM+S5VwtPRkhpOzYvsFT4Q==",
      "dev": true,
      "license": "BSD-3-Clause",
      "peerDependencies": {
        "@deepseek-ai/cordis": "^4.0.1-rc.1",
        "@deepseek-ai/dsh-invariants": "^0.0.1-rc.3"
      }
    },
    "node_modules/@deepseek-ai/dsh-jobs": {
      "version": "0.0.1-rc.3",
      "resolved": "https://registry.npmmirror.com/@deepseek-ai/dsh-jobs/-/dsh-jobs-0.0.1-rc.3.tgz",
      "integrity": "sha512-f7QSJ28Vd8TS8mplOuYkIv9soSGSP4aqqOK/3lD9YCTWpgF8XfkHVYp+QlvIrOpV4f872522ilTaLBaruVe3QQ==",
      "dev": true,
      "license": "BSD-3-Clause",
      "peerDependencies": {
        "@deepseek-ai/cordis": "^4.0.1-rc.1",
        "@deepseek-ai/dsh-agent": "^0.0.1-rc.3",
        "@deepseek-ai/dsh-brand": "^0.0.1-rc.3",
        "@deepseek-ai/dsh-invariants": "^0.0.1-rc.3",
        "@deepseek-ai/dsh-session": "^0.0.1-rc.3"
      }
    },
    "node_modules/@deepseek-ai/dsh-llm": {
      "version": "0.0.1-rc.1",
      "resolved": "https://registry.npmmirror.com/@deepseek-ai/dsh-llm/-/dsh-llm-0.0.1-rc.1.tgz",
      "integrity": "sha512-mRJj07IQNfRReGrhpMpL8AONiYKqfwzxvepg/ut9Wkj8oH2BuoftPS4cMnnXFFCUlYql04/sezwDLriYks/bmw==",
      "dev": true,
      "license": "BSD-3-Clause",
      "dependencies": {
        "@deepseek-ai/schemastery": "^3.18.1-rc.1"
      },
      "peerDependencies": {
        "@deepseek-ai/cordis": "^4.0.1-rc.1",
        "@deepseek-ai/dsh-attachment": "^0.0.1-rc.1",
        "@deepseek-ai/dsh-brand": "^0.0.1-rc.1",
        "@deepseek-ai/dsh-invariants": "^0.0.1-rc.1",
        "@deepseek-ai/dsh-timeout": "^0.0.1-rc.1"
      }
    },
    "node_modules/@deepseek-ai/dsh-sandbox": {
      "version": "0.0.1-rc.1",
      "resolved": "https://registry.npmmirror.com/@deepseek-ai/dsh-sandbox/-/dsh-sandbox-0.0.1-rc.1.tgz",
      "integrity": "sha512-ODvidnIf3Yj6I3AfF8nwNoEnhyIPqou22YvGiI9NfjMakE/YlM8FNviefqiQLURjJoDwNEUhzzyGX7gJD5MXSQ==",
      "dev": true,
      "license": "BSD-3-Clause",
      "peerDependencies": {
        "@deepseek-ai/cordis": "^4.0.1-rc.1",
        "@deepseek-ai/dsh-invariants": "^0.0.1-rc.1",
        "@deepseek-ai/dsh-llm": "^0.0.1-rc.1",
        "@deepseek-ai/dsh-session": "^0.0.1-rc.1"
      }
    },
    "node_modules/@deepseek-ai/dsh-sandbox-policy": {
      "version": "0.0.1-rc.1",
      "resolved": "https://registry.npmmirror.com/@deepseek-ai/dsh-sandbox-policy/-/dsh-sandbox-policy-0.0.1-rc.1.tgz",
      "integrity": "sha512-M1zE20FPN+C4nYQUYbgdfdZiKkqdHSTqRkOGDJFPt/ru0GrKtkyyU8DKFeEa9Q34xPdPMHpeMrmZ+5oGilU+QA==",
      "dev": true,
      "license": "BSD-3-Clause",
      "dependencies": {
        "@deepseek-ai/schemastery": "^3.18.1-rc.1"
      },
      "peerDependencies": {
        "@deepseek-ai/cordis": "^4.0.1-rc.1",
        "@deepseek-ai/dsh-agent": "^0.0.1-rc.1",
        "@deepseek-ai/dsh-invariants": "^0.0.1-rc.1",
        "@deepseek-ai/dsh-sandbox": "^0.0.1-rc.1",
        "@deepseek-ai/dsh-session": "^0.0.1-rc.1",
        "@deepseek-ai/dsh-system-prompt": "^0.0.1-rc.1"
      }
    },
    "node_modules/@deepseek-ai/dsh-scope": {
      "version": "0.0.1-rc.1",
      "resolved": "https://registry.npmmirror.com/@deepseek-ai/dsh-scope/-/dsh-scope-0.0.1-rc.1.tgz",
      "integrity": "sha512-XJa74NACc/285kF7Tak2nA+dlNpSTN77cV9SMhl75Bzu1y7p9+VgSMJfd6ydBsYVtDcAwzbon4wSS1u9AiI5VQ==",
      "dev": true,
      "license": "BSD-3-Clause",
      "peerDependencies": {
        "@deepseek-ai/cordis": "^4.0.1-rc.1",
        "@deepseek-ai/dsh-invariants": "^0.0.1-rc.1"
      }
    },
    "node_modules/@deepseek-ai/dsh-session": {
      "version": "0.0.1-rc.1",
      "resolved": "https://registry.npmmirror.com/@deepseek-ai/dsh-session/-/dsh-session-0.0.1-rc.1.tgz",
      "integrity": "sha512-P3xE+0jDPMImdWhRi3e5ByhkA6LFTiabQwcK+Ofy763tWajDsadWpvONkc5Imd61thpVtXzH3uu25rZFvT5cfw==",
      "dev": true,
      "license": "BSD-3-Clause",
      "peerDependencies": {
        "@deepseek-ai/cordis": "^4.0.1-rc.1",
        "@deepseek-ai/dsh-brand": "^0.0.1-rc.1",
        "@deepseek-ai/dsh-invariants": "^0.0.1-rc.1",
        "@deepseek-ai/dsh-llm": "^0.0.1-rc.1",
        "@deepseek-ai/dsh-scope": "^0.0.1-rc.1",
        "@deepseek-ai/dsh-type-meta": "^0.0.1-rc.1"
      }
    },
    "node_modules/@deepseek-ai/dsh-settings": {
      "version": "0.0.1-rc.1",
      "resolved": "https://registry.npmmirror.com/@deepseek-ai/dsh-settings/-/dsh-settings-0.0.1-rc.1.tgz",
      "integrity": "sha512-d9emtO/X85topSqK3ZLaRtA0Sktbdg0DlObvQ9aKeEIzc6lsFgSulMxE68qGRSIGN7fDU8YNlXu4M7vKqmwisg==",
      "dev": true,
      "license": "BSD-3-Clause",
      "peerDependencies": {
        "@deepseek-ai/cordis": "^4.0.1-rc.1",
        "@deepseek-ai/dsh-brand": "^0.0.1-rc.1",
        "@deepseek-ai/dsh-invariants": "^0.0.1-rc.1",
        "@deepseek-ai/schemastery": "^3.18.1-rc.1"
      }
    },
    "node_modules/@deepseek-ai/dsh-shell": {
      "version": "0.0.1-rc.5",
      "resolved": "https://registry.npmmirror.com/@deepseek-ai/dsh-shell/-/dsh-shell-0.0.1-rc.5.tgz",
      "integrity": "sha512-j95ciGkQPX+RkLyA+rSG2AvZH4F2UpklvcQB9ELjQKvBM6qHUYYBGwelWbMP99KSf9iCvsWARBfy+r9TR1UJEw==",
      "dev": true,
      "license": "BSD-3-Clause",
      "peerDependencies": {
        "@deepseek-ai/cordis": "^4.0.1-rc.4",
        "@deepseek-ai/dsh-invariants": "^0.0.1-rc.5",
        "@deepseek-ai/dsh-sandbox": "^0.0.1-rc.5",
        "@deepseek-ai/dsh-settings": "^0.0.1-rc.5",
        "@deepseek-ai/dsh-subprocess": "^0.0.1-rc.5"
      }
    },
    "node_modules/@deepseek-ai/dsh-shell-env": {
      "version": "0.0.1-rc.3",
      "resolved": "https://registry.npmmirror.com/@deepseek-ai/dsh-shell-env/-/dsh-shell-env-0.0.1-rc.3.tgz",
      "integrity": "sha512-yrxcM3pHtsi5YfOMYk0qxki7Em1+Yem6zB8TlbtWGUMgmEAqNCcvIRmaewEWceogbtlMXWd3Gr5LMzbMd5zJYA==",
      "dev": true,
      "license": "BSD-3-Clause",
      "dependencies": {
        "@deepseek-ai/schemastery": "^3.18.1-rc.1"
      },
      "peerDependencies": {
        "@deepseek-ai/cordis": "^4.0.1-rc.1",
        "@deepseek-ai/dsh-home-paths": "^0.0.1-rc.3",
        "@deepseek-ai/dsh-invariants": "^0.0.1-rc.3",
        "@deepseek-ai/dsh-session-persistence": "^0.0.1-rc.3",
        "@deepseek-ai/dsh-shell": "^0.0.1-rc.3",
        "@deepseek-ai/dsh-tools": "^0.0.1-rc.3"
      }
    },
    "node_modules/@deepseek-ai/dsh-subprocess": {
      "version": "0.0.1-rc.1",
      "resolved": "https://registry.npmmirror.com/@deepseek-ai/dsh-subprocess/-/dsh-subprocess-0.0.1-rc.1.tgz",
      "integrity": "sha512-exYWSwVuLM97VYgBeb+AgyArlRbBJ3wslSwO7IOyYd1ncqVcNSvyXQS1ACjcEVftUa1uycfZnUqX8wL//q2yMw==",
      "dev": true,
      "license": "BSD-3-Clause",
      "peerDependencies": {
        "@deepseek-ai/cordis": "^4.0.1-rc.1",
        "@deepseek-ai/dsh-invariants": "^0.0.1-rc.1"
      }
    },
    "node_modules/@deepseek-ai/dsh-system-prompt": {
      "version": "0.0.1-rc.1",
      "resolved": "https://registry.npmmirror.com/@deepseek-ai/dsh-system-prompt/-/dsh-system-prompt-0.0.1-rc.1.tgz",
      "integrity": "sha512-xNHVjV8oBueTbYe2i7OmxW3W4SDlMUo2ZxJiLeVQdjx8jolzYHyF+EgaYeOJmF1BJmgPbyc1biCZetSFSWY9TA==",
      "dev": true,
      "license": "BSD-3-Clause",
      "dependencies": {
        "@deepseek-ai/schemastery": "^3.18.1-rc.1"
      },
      "peerDependencies": {
        "@deepseek-ai/cordis": "^4.0.1-rc.1",
        "@deepseek-ai/dsh-invariants": "^0.0.1-rc.1",
        "@deepseek-ai/dsh-llm": "^0.0.1-rc.1",
        "@deepseek-ai/dsh-scope": "^0.0.1-rc.1"
      }
    },
    "node_modules/@deepseek-ai/dsh-timeout": {
      "version": "0.0.1-rc.1",
      "resolved": "https://registry.npmmirror.com/@deepseek-ai/dsh-timeout/-/dsh-timeout-0.0.1-rc.1.tgz",
      "integrity": "sha512-lIMhY/JqA+eLpXXUN33xA7mlAYeHTDTWfcJ3CmEtplvGnvpDAHQ6oPeFs9JtWcfKbuNDZFMNutyhD0qoRkFQeg==",
      "dev": true,
      "license": "BSD-3-Clause",
      "peerDependencies": {
        "@deepseek-ai/cordis": "^4.0.1-rc.1",
        "@deepseek-ai/dsh-invariants": "^0.0.1-rc.1"
      }
    },
    "node_modules/@deepseek-ai/dsh-tools": {
      "version": "0.0.1-rc.1",
      "resolved": "https://registry.npmmirror.com/@deepseek-ai/dsh-tools/-/dsh-tools-0.0.1-rc.1.tgz",
      "integrity": "sha512-mrtq+UXc6UVidrGo4GM8RAH0Gqc4iFOmtPeQAz59Phhjl3EmzkFI0Mo6dQlHQamrc2J9jppPtGtUzW9qHmwxDQ==",
      "dev": true,
      "license": "BSD-3-Clause",
      "dependencies": {
        "@deepseek-ai/schemastery": "^3.18.1-rc.1"
      },
      "peerDependencies": {
        "@deepseek-ai/cordis": "^4.0.1-rc.1",
        "@deepseek-ai/dsh-agent": "^0.0.1-rc.1",
        "@deepseek-ai/dsh-code-runtime": "^0.0.1-rc.1",
        "@deepseek-ai/dsh-invariants": "^0.0.1-rc.1",
        "@deepseek-ai/dsh-llm": "^0.0.1-rc.1",
        "@deepseek-ai/dsh-scope": "^0.0.1-rc.1",
        "@deepseek-ai/dsh-session": "^0.0.1-rc.1",
        "@deepseek-ai/dsh-system-prompt": "^0.0.1-rc.1",
        "@deepseek-ai/dsh-user-approval": "^0.0.1-rc.1"
      }
    },
    "node_modules/@deepseek-ai/dsh-user-approval": {
      "version": "0.0.1-rc.1",
      "resolved": "https://registry.npmmirror.com/@deepseek-ai/dsh-user-approval/-/dsh-user-approval-0.0.1-rc.1.tgz",
      "integrity": "sha512-28J7iT2fl9I0haeCRwVIWqhFBO3xG+A1GAdfhLJG/9YkB0F3Cs6FUoRtNQ7pjxkJ6QzELY/gRBE7axCP0ETHcA==",
      "dev": true,
      "license": "BSD-3-Clause",
      "dependencies": {
        "@deepseek-ai/schemastery": "^3.18.1-rc.1"
      },
      "peerDependencies": {
        "@deepseek-ai/cordis": "^4.0.1-rc.1",
        "@deepseek-ai/dsh-agent": "^0.0.1-rc.1",
        "@deepseek-ai/dsh-brand": "^0.0.1-rc.1",
        "@deepseek-ai/dsh-invariants": "^0.0.1-rc.1",
        "@deepseek-ai/dsh-llm": "^0.0.1-rc.1",
        "@deepseek-ai/dsh-scope": "^0.0.1-rc.1",
        "@deepseek-ai/dsh-session": "^0.0.1-rc.1",
        "@deepseek-ai/dsh-system-prompt": "^0.0.1-rc.1"
      }
    },
    "node_modules/@deepseek-ai/schemastery": {
      "version": "3.18.1",
      "resolved": "https://registry.npmmirror.com/@deepseek-ai/schemastery/-/schemastery-3.18.1.tgz",
      "integrity": "sha512-Qn0FCSwCQnpnj6SB31I6i2sIKgKWnkbJM8O0EU91Gv2UsYVvtZTl6IA0sCwk2e2MZf5S8w5hpq9QkeVvK9qwxg==",
      "dev": true,
      "license": "MIT",
      "dependencies": {
        "@deepseek-ai/cosmokit": "^1.8.2",
        "@standard-schema/spec": "^1.1.0"
      }
    },
    "node_modules/@standard-schema/spec": {
      "version": "1.1.0",
      "resolved": "https://registry.npmmirror.com/@standard-schema/spec/-/spec-1.1.0.tgz",
      "integrity": "sha512-l2aFy5jALhniG5HgqrD6jXLi/rUWrKvqN/qJx6yoJsgKhblVd+iqqU4RCXavm/jPityDo5TCvKMnpjKnOriy0w==",
      "dev": true,
      "license": "MIT"
    },
    "node_modules/@types/node": {
      "version": "26.4.0",
      "resolved": "https://registry.npmjs.org/@types/node/-/node-26.4.0.tgz",
      "integrity": "sha512-faiGnoIrLH/V8cibOMEAZ8pMw6oXqSukl29ra4mN8GdaB2ZewzeaLj+INpV5N+Z1eKWzY+IzaIZH2EIR6YZRNQ==",
      "dev": true,
      "license": "MIT",
      "dependencies": {
        "undici-types": "~8.3.0"
      }
    },
    "node_modules/@typescript/typescript-aix-ppc64": {
      "version": "7.0.2",
      "resolved": "https://registry.npmjs.org/@typescript/typescript-aix-ppc64/-/typescript-aix-ppc64-7.0.2.tgz",
      "integrity": "sha512-MTKKkWB7p/0E9xi1d1tHtZ5PiLkGEMIq88pK2CubZjOsLtYTLqhgIgi6zepFa+9GHZ6h05NMCkQxGKiPXMxXtQ==",
      "cpu": [
        "ppc64"
      ],
      "dev": true,
      "license": "Apache-2.0",
      "optional": true,
      "os": [
        "aix"
      ],
      "engines": {
        "node": ">=16.20.0"
      }
    },
    "node_modules/@typescript/typescript-darwin-arm64": {
      "version": "7.0.2",
      "resolved": "https://registry.npmjs.org/@typescript/typescript-darwin-arm64/-/typescript-darwin-arm64-7.0.2.tgz",
      "integrity": "sha512-gowzar9MwS/aRWp6f3a4KUqzRjAZjOsmGNCM6LcTgXum+dBfgsBVMN+AgvOCCbguXyick6LJhpBszxMebJ8syA==",
      "cpu": [
        "arm64"
      ],
      "dev": true,
      "license": "Apache-2.0",
      "optional": true,
      "os": [
        "darwin"
      ],
      "engines": {
        "node": ">=16.20.0"
      }
    },
    "node_modules/@typescript/typescript-darwin-x64": {
      "version": "7.0.2",
      "resolved": "https://registry.npmjs.org/@typescript/typescript-darwin-x64/-/typescript-darwin-x64-7.0.2.tgz",
      "integrity": "sha512-SZ9xZInqApNlNGc9s0W1VSsktYSOe9cFqNOIqmN1Gs8SmkjKZYFt017G4VwPxASInODuAdbTW7sXiFUf893RgA==",
      "cpu": [
        "x64"
      ],
      "dev": true,
      "license": "Apache-2.0",
      "optional": true,
      "os": [
        "darwin"
      ],
      "engines": {
        "node": ">=16.20.0"
      }
    },
    "node_modules/@typescript/typescript-freebsd-arm64": {
      "version": "7.0.2",
      "resolved": "https://registry.npmjs.org/@typescript/typescript-freebsd-arm64/-/typescript-freebsd-arm64-7.0.2.tgz",
      "integrity": "sha512-W5NH4y/J0plIIS5b2xvTEkU7JFxyqdMAOgf+Ilhl0vHQXKO5dZoxd+C/jEtq56c4F3wk71RB4BMRQ2XdI+bwYQ==",
      "cpu": [
        "arm64"
      ],
      "dev": true,
      "license": "Apache-2.0",
      "optional": true,
      "os": [
        "freebsd"
      ],
      "engines": {
        "node": ">=16.20.0"
      }
    },
    "node_modules/@typescript/typescript-freebsd-x64": {
      "version": "7.0.2",
      "resolved": "https://registry.npmjs.org/@typescript/typescript-freebsd-x64/-/typescript-freebsd-x64-7.0.2.tgz",
      "integrity": "sha512-UMGDx5sTpzNw3WiPebH7l90IWfJggEd+egHt/q6p7/Cm3zqoV7VxkGXt+3DxPIw8CcmvAB0j3sVVfbhX+M4Tpw==",
      "cpu": [
        "x64"
      ],
      "dev": true,
      "license": "Apache-2.0",
      "optional": true,
      "os": [
        "freebsd"
      ],
      "engines": {
        "node": ">=16.20.0"
      }
    },
    "node_modules/@typescript/typescript-linux-arm": {
      "version": "7.0.2",
      "resolved": "https://registry.npmjs.org/@typescript/typescript-linux-arm/-/typescript-linux-arm-7.0.2.tgz",
      "integrity": "sha512-gffT3xPz9sR7j/YJExkyPntrI0P2EP9XbOyWzth2/Gs0RstK+90RBcO0ncXoXy/beYll1SXw846Nf2zdnEz0QQ==",
      "cpu": [
        "arm"
      ],
      "dev": true,
      "license": "Apache-2.0",
      "optional": true,
      "os": [
        "linux"
      ],
      "engines": {
        "node": ">=16.20.0"
      }
    },
    "node_modules/@typescript/typescript-linux-arm64": {
      "version": "7.0.2",
      "resolved": "https://registry.npmjs.org/@typescript/typescript-linux-arm64/-/typescript-linux-arm64-7.0.2.tgz",
      "integrity": "sha512-Qh4eU4/y3yDjnfjjyPYihMj5/ODIlmt+Bzu17OI+fiSRDW57QmU5SiN63exPRNJPKUzcc1INa1NXdrJ+MqHjUQ==",
      "cpu": [
        "arm64"
      ],
      "dev": true,
      "license": "Apache-2.0",
      "optional": true,
      "os": [
        "linux"
      ],
      "engines": {
        "node": ">=16.20.0"
      }
    },
    "node_modules/@typescript/typescript-linux-loong64": {
      "version": "7.0.2",
      "resolved": "https://registry.npmjs.org/@typescript/typescript-linux-loong64/-/typescript-linux-loong64-7.0.2.tgz",
      "integrity": "sha512-uEHck9i8hoAzXPiYRib1O7miOnz23SxIeVl6F4LXox+qov1K35jHcEW6VHKvZI+pyvl7fZEP4MCU5LYvIq1GuQ==",
      "cpu": [
        "loong64"
      ],
      "dev": true,
      "license": "Apache-2.0",
      "optional": true,
      "os": [
        "linux"
      ],
      "engines": {
        "node": ">=16.20.0"
      }
    },
    "node_modules/@typescript/typescript-linux-mips64el": {
      "version": "7.0.2",
      "resolved": "https://registry.npmjs.org/@typescript/typescript-linux-mips64el/-/typescript-linux-mips64el-7.0.2.tgz",
      "integrity": "sha512-R4KvAMnE43W5Qeqb0Ly56O3mWMWIAgsMyz36DCaycd5nbg/9kzm0liw3JocfRqyJY0KPmzFjbswozXyW0DnIYA==",
      "cpu": [
        "mips64el"
      ],
      "dev": true,
      "license": "Apache-2.0",
      "optional": true,
      "os": [
        "linux"
      ],
      "engines": {
        "node": ">=16.20.0"
      }
    },
    "node_modules/@typescript/typescript-linux-ppc64": {
      "version": "7.0.2",
      "resolved": "https://registry.npmjs.org/@typescript/typescript-linux-ppc64/-/typescript-linux-ppc64-7.0.2.tgz",
      "integrity": "sha512-DORx5b3sd/4S7eayxm4FQv+A7CrkUIGRaHiwI8oiHTAI1fAPWhF4J0vAlkC8biAlHSVVwxMQ3tjZ2/DVbnQiiA==",
      "cpu": [
        "ppc64"
      ],
      "dev": true,
      "license": "Apache-2.0",
      "optional": true,
      "os": [
        "linux"
      ],
      "engines": {
        "node": ">=16.20.0"
      }
    },
    "node_modules/@typescript/typescript-linux-riscv64": {
      "version": "7.0.2",
      "resolved": "https://registry.npmjs.org/@typescript/typescript-linux-riscv64/-/typescript-linux-riscv64-7.0.2.tgz",
      "integrity": "sha512-wf0jqEDOjrPRnKwYRyyJDRo11KMbvMFrU+q4zqKyChODBzvlkbhNQfKvLxQCcwTpdDaXSHZTVuh0JoCrKCUMHQ==",
      "cpu": [
        "riscv64"
      ],
      "dev": true,
      "license": "Apache-2.0",
      "optional": true,
      "os": [
        "linux"
      ],
      "engines": {
        "node": ">=16.20.0"
      }
    },
    "node_modules/@typescript/typescript-linux-s390x": {
      "version": "7.0.2",
      "resolved": "https://registry.npmjs.org/@typescript/typescript-linux-s390x/-/typescript-linux-s390x-7.0.2.tgz",
      "integrity": "sha512-IkwJc3L7yhytWd/ewjyxNDfOmswCm9GWMJT/ue/dU4aZNbwZeYAetq42VyLmsmSjvoX7z74X6ZaYCtzAr0EuGw==",
      "cpu": [
        "s390x"
      ],
      "dev": true,
      "license": "Apache-2.0",
      "optional": true,
      "os": [
        "linux"
      ],
      "engines": {
        "node": ">=16.20.0"
      }
    },
    "node_modules/@typescript/typescript-linux-x64": {
      "version": "7.0.2",
      "resolved": "https://registry.npmjs.org/@typescript/typescript-linux-x64/-/typescript-linux-x64-7.0.2.tgz",
      "integrity": "sha512-EYdf2cNg7rgCWJnxCdJ+F3V39O8ihb37eHAu1LK8oAFizgTQbPOK7zHHXbPt8rX24COqODXeI3sIf0fCXG7H/A==",
      "cpu": [
        "x64"
      ],
      "dev": true,
      "license": "Apache-2.0",
      "optional": true,
      "os": [
        "linux"
      ],
      "engines": {
        "node": ">=16.20.0"
      }
    },
    "node_modules/@typescript/typescript-netbsd-arm64": {
      "version": "7.0.2",
      "resolved": "https://registry.npmjs.org/@typescript/typescript-netbsd-arm64/-/typescript-netbsd-arm64-7.0.2.tgz",
      "integrity": "sha512-+polYF4MF04aPpO5FTkHran9yUQDSXqy5GiSDKpsll5jy3l3+g9QLhpf39T+ePtefhXLOGrLl0QIjkQP6VnelA==",
      "cpu": [
        "arm64"
      ],
      "dev": true,
      "license": "Apache-2.0",
      "optional": true,
      "os": [
        "netbsd"
      ],
      "engines": {
        "node": ">=16.20.0"
      }
    },
    "node_modules/@typescript/typescript-netbsd-x64": {
      "version": "7.0.2",
      "resolved": "https://registry.npmjs.org/@typescript/typescript-netbsd-x64/-/typescript-netbsd-x64-7.0.2.tgz",
      "integrity": "sha512-8YIT0EHM/3dq10ZOVF/A7pc/YSMtbcecct4rWtexrnSCHOPcpC2KTLXfTCR6vDpnSiY12heNb1GiN/wu+T/FyA==",
      "cpu": [
        "x64"
      ],
      "dev": true,
      "license": "Apache-2.0",
      "optional": true,
      "os": [
        "netbsd"
      ],
      "engines": {
        "node": ">=16.20.0"
      }
    },
    "node_modules/@typescript/typescript-openbsd-arm64": {
      "version": "7.0.2",
      "resolved": "https://registry.npmjs.org/@typescript/typescript-openbsd-arm64/-/typescript-openbsd-arm64-7.0.2.tgz",
      "integrity": "sha512-APT8+ClYnuYm1u9+kgGXoMj2VzWzcymwh2gNSQVySHfkRDGOTVkoWLjCmOQSaO+PoqQ57B0flRp9SA+7GnnkzQ==",
      "cpu": [
        "arm64"
      ],
      "dev": true,
      "license": "Apache-2.0",
      "optional": true,
      "os": [
        "openbsd"
      ],
      "engines": {
        "node": ">=16.20.0"
      }
    },
    "node_modules/@typescript/typescript-openbsd-x64": {
      "version": "7.0.2",
      "resolved": "https://registry.npmjs.org/@typescript/typescript-openbsd-x64/-/typescript-openbsd-x64-7.0.2.tgz",
      "integrity": "sha512-yX7s+Q0Dln0Dt9tEzZsAjXXR/+ytBM7AlglaqyeMPxQszJ1JhlJdZ6jLA+IzldHtflX81em7lDao1xXu+aRRkg==",
      "cpu": [
        "x64"
      ],
      "dev": true,
      "license": "Apache-2.0",
      "optional": true,
      "os": [
        "openbsd"
      ],
      "engines": {
        "node": ">=16.20.0"
      }
    },
    "node_modules/@typescript/typescript-sunos-x64": {
      "version": "7.0.2",
      "resolved": "https://registry.npmjs.org/@typescript/typescript-sunos-x64/-/typescript-sunos-x64-7.0.2.tgz",
      "integrity": "sha512-dLJDGaLZ1D4HPQn62u1n8mBDkJREwMsAkCdkwd4Ieqw+x3TUyTsqY0YiBCtE6H6OzzgGk3iuZ3vFWRS+E8/d1g==",
      "cpu": [
        "x64"
      ],
      "dev": true,
      "license": "Apache-2.0",
      "optional": true,
      "os": [
        "sunos"
      ],
      "engines": {
        "node": ">=16.20.0"
      }
    },
    "node_modules/@typescript/typescript-win32-arm64": {
      "version": "7.0.2",
      "resolved": "https://registry.npmjs.org/@typescript/typescript-win32-arm64/-/typescript-win32-arm64-7.0.2.tgz",
      "integrity": "sha512-Gyl1Vy6OsWesLzmq+EP0Fb7b4Nid5232AvcA2SFcdYreldpNtYFFofPjnt62y9hQy7VTaZp65ICJjuAQRaVcIQ==",
      "cpu": [
        "arm64"
      ],
      "dev": true,
      "license": "Apache-2.0",
      "optional": true,
      "os": [
        "win32"
      ],
      "engines": {
        "node": ">=16.20.0"
      }
    },
    "node_modules/@typescript/typescript-win32-x64": {
      "version": "7.0.2",
      "resolved": "https://registry.npmjs.org/@typescript/typescript-win32-x64/-/typescript-win32-x64-7.0.2.tgz",
      "integrity": "sha512-0BQ3HkAHHlKLSp1qRvf3SUhGpGsDuhB/jgFw75guyqbxJqEaS0Cw/VFO8i2nHglJUzQCRtMMR/IBAKE3ETMC4g==",
      "cpu": [
        "x64"
      ],
      "dev": true,
      "license": "Apache-2.0",
      "optional": true,
      "os": [
        "win32"
      ],
      "engines": {
        "node": ">=16.20.0"
      }
    },
    "node_modules/typescript": {
      "version": "7.0.2",
      "resolved": "https://registry.npmjs.org/typescript/-/typescript-7.0.2.tgz",
      "integrity": "sha512-8FYau96o3NKOhbjKi/qNvG/W5jhzxkbdm5sj9AbZ/5T5sWqn3hJgLfGx27sRKZWTvyzCP8dLRBTf5tBTSRVUNA==",
      "dev": true,
      "license": "Apache-2.0",
      "bin": {
        "tsc": "bin/tsc"
      },
      "engines": {
        "node": ">=16.20.0"
      },
      "optionalDependencies": {
        "@typescript/typescript-aix-ppc64": "7.0.2",
        "@typescript/typescript-darwin-arm64": "7.0.2",
        "@typescript/typescript-darwin-x64": "7.0.2",
        "@typescript/typescript-freebsd-arm64": "7.0.2",
        "@typescript/typescript-freebsd-x64": "7.0.2",
        "@typescript/typescript-linux-arm": "7.0.2",
        "@typescript/typescript-linux-arm64": "7.0.2",
        "@typescript/typescript-linux-loong64": "7.0.2",
        "@typescript/typescript-linux-mips64el": "7.0.2",
        "@typescript/typescript-linux-ppc64": "7.0.2",
        "@typescript/typescript-linux-riscv64": "7.0.2",
        "@typescript/typescript-linux-s390x": "7.0.2",
        "@typescript/typescript-linux-x64": "7.0.2",
        "@typescript/typescript-netbsd-arm64": "7.0.2",
        "@typescript/typescript-netbsd-x64": "7.0.2",
        "@typescript/typescript-openbsd-arm64": "7.0.2",
        "@typescript/typescript-openbsd-x64": "7.0.2",
        "@typescript/typescript-sunos-x64": "7.0.2",
        "@typescript/typescript-win32-arm64": "7.0.2",
        "@typescript/typescript-win32-x64": "7.0.2"
      }
    },
    "node_modules/undici-types": {
      "version": "8.3.0",
      "resolved": "https://registry.npmjs.org/undici-types/-/undici-types-8.3.0.tgz",
      "integrity": "sha512-j375ScV60dom+YkPFIfTLcOiPxkN/buHz5GobjLhixFuANaNs3C9l4GmrWqejgXWJ7BbJcFYpTEUkS1Ge8bpZQ==",
      "dev": true,
      "license": "MIT"
    }
  }
}
